PODS:
  - QMMenu (0.1.0):
    - SnapKit
  - SnapKit (5.6.0)

DEPENDENCIES:
  - QMMenu (from `../`)

SPEC REPOS:
  trunk:
    - SnapKit

EXTERNAL SOURCES:
  QMMenu:
    :path: "../"

SPEC CHECKSUMS:
  QMMenu: a2eed37f2c52863b0fff8c1fcd5743ca75d2d6a8
  SnapKit: e01d52ebb8ddbc333eefe2132acf85c8227d9c25

PODFILE CHECKSUM: 7cd7f984e7b5b0a0b3d08fbdba31035e5091cc64

COCOAPODS: 1.12.1
