PODS:
  - QMMenu (0.1.0):
    - SnapKit
  - SnapKit (5.6.0)

DEPENDENCIES:
  - QMMenu (from `../`)

SPEC REPOS:
  trunk:
    - SnapKit

EXTERNAL SOURCES:
  QMMenu:
    :path: "../"

SPEC CHECKSUMS:
  QMMenu: edbdee6be11c5a8315ccb3e798ca61e8d645d4e7
  SnapKit: e01d52ebb8ddbc333eefe2132acf85c8227d9c25

PODFILE CHECKSUM: f3f75e788934e0f61dedf2b2b6126e75a1376cca

COCOAPODS: 1.12.1
