PODS:
  - QMMenu (0.1.0):
    - SnapKit
  - SnapKit (5.6.0)

DEPENDENCIES:
  - QMMenu (from `../`)

SPEC REPOS:
  trunk:
    - SnapKit

EXTERNAL SOURCES:
  QMMenu:
    :path: "../"

SPEC CHECKSUMS:
  QMMenu: 14d448938df2f7b667a300b3c44332a316965e95
  SnapKit: e01d52ebb8ddbc333eefe2132acf85c8227d9c25

PODFILE CHECKSUM: fb89a44f7c1af33d19ca8a95be1442f503bd6123

COCOAPODS: 1.12.1
